// !$*UTF8*$!
{
	archiveVersion = 1;
	classes = {
	};
	objectVersion = 56;
	objects = {

/* Begin PBXBuildFile section */
		6D18AB1E2EB78D35006BC249 /* SWIFTUI_HWApp.swift in Sources */ = {isa = PBXBuildFile; fileRef = 6D18AB1D2EB78D35006BC249 /* SWIFTUI_HWApp.swift */; };
		6D18AB202EB78D35006BC249 /* ContentView.swift in Sources */ = {isa = PBXBuildFile; fileRef = 6D18AB1F2EB78D35006BC249 /* ContentView.swift */; };
		6D18AB222EB78D36006BC249 /* Assets.xcassets in Resources */ = {isa = PBXBuildFile; fileRef = 6D18AB212EB78D36006BC249 /* Assets.xcassets */; };
		6D18AB252EB78D36006BC249 /* Preview Assets.xcassets in Resources */ = {isa = PBXBuildFile; fileRef = 6D18AB242EB78D36006BC249 /* Preview Assets.xcassets */; };
		6D18AB2C2EB78D7D006BC249 /* Post.swift in Sources */ = {isa = PBXBuildFile; fileRef = 6D18AB2B2EB78D7D006BC249 /* Post.swift */; };
		6D18AB2E2EB79395006BC249 /* Data.swift in Sources */ = {isa = PBXBuildFile; fileRef = 6D18AB2D2EB79395006BC249 /* Data.swift */; };
		6D18AB302EB7942B006BC249 /* InfoView.swift in Sources */ = {isa = PBXBuildFile; fileRef = 6D18AB2F2EB7942B006BC249 /* InfoView.swift */; };
		6D18AB322EB79456006BC249 /* InfoRow.swift in Sources */ = {isa = PBXBuildFile; fileRef = 6D18AB312EB79456006BC249 /* InfoRow.swift */; };
		6D18AB342EB7947D006BC249 /* InfoDetails.swift in Sources */ = {isa = PBXBuildFile; fileRef = 6D18AB332EB7947D006BC249 /* InfoDetails.swift */; };
		6D18AB362EB79844006BC249 /* HelloView.swift in Sources */ = {isa = PBXBuildFile; fileRef = 6D18AB352EB79844006BC249 /* HelloView.swift */; };
		6D18AB382EB79857006BC249 /* SettingsView.swift in Sources */ = {isa = PBXBuildFile; fileRef = 6D18AB372EB79857006BC249 /* SettingsView.swift */; };
/* End PBXBuildFile section */

/* Begin PBXFileReference section */
		6D18AB1A2EB78D35006BC249 /* SWIFTUI_HW.app */ = {isa = PBXFileReference; explicitFileType = wrapper.application; includeInIndex = 0; path = SWIFTUI_HW.app; sourceTree = BUILT_PRODUCTS_DIR; };
		6D18AB1D2EB78D35006BC249 /* SWIFTUI_HWApp.swift */ = {isa = PBXFileReference; lastKnownFileType = sourcecode.swift; path = SWIFTUI_HWApp.swift; sourceTree = "<group>"; };
		6D18AB1F2EB78D35006BC249 /* ContentView.swift */ = {isa = PBXFileReference; lastKnownFileType = sourcecode.swift; path = ContentView.swift; sourceTree = "<group>"; };
		6D18AB212EB78D36006BC249 /* Assets.xcassets */ = {isa = PBXFileReference; lastKnownFileType = folder.assetcatalog; path = Assets.xcassets; sourceTree = "<group>"; };
		6D18AB242EB78D36006BC249 /* Preview Assets.xcassets */ = {isa = PBXFileReference; lastKnownFileType = folder.assetcatalog; path = "Preview Assets.xcassets"; sourceTree = "<group>"; };
		6D18AB2B2EB78D7D006BC249 /* Post.swift */ = {isa = PBXFileReference; lastKnownFileType = sourcecode.swift; path = Post.swift; sourceTree = "<group>"; };
		6D18AB2D2EB79395006BC249 /* Data.swift */ = {isa = PBXFileReference; lastKnownFileType = sourcecode.swift; path = Data.swift; sourceTree = "<group>"; };
		6D18AB2F2EB7942B006BC249 /* InfoView.swift */ = {isa = PBXFileReference; lastKnownFileType = sourcecode.swift; path = InfoView.swift; sourceTree = "<group>"; };
		6D18AB312EB79456006BC249 /* InfoRow.swift */ = {isa = PBXFileReference; lastKnownFileType = sourcecode.swift; path = InfoRow.swift; sourceTree = "<group>"; };
		6D18AB332EB7947D006BC249 /* InfoDetails.swift */ = {isa = PBXFileReference; lastKnownFileType = sourcecode.swift; path = InfoDetails.swift; sourceTree = "<group>"; };
		6D18AB352EB79844006BC249 /* HelloView.swift */ = {isa = PBXFileReference; lastKnownFileType = sourcecode.swift; path = HelloView.swift; sourceTree = "<group>"; };
		6D18AB372EB79857006BC249 /* SettingsView.swift */ = {isa = PBXFileReference; lastKnownFileType = sourcecode.swift; path = SettingsView.swift; sourceTree = "<group>"; };
/* End PBXFileReference section */

/* Begin PBXFrameworksBuildPhase section */
		6D18AB172EB78D35006BC249 /* Frameworks */ = {
			isa = PBXFrameworksBuildPhase;
			buildActionMask = 2147483647;
			files = (
			);
			runOnlyForDeploymentPostprocessing = 0;
		};
/* End PBXFrameworksBuildPhase section */

/* Begin PBXGroup section */
		6D18AB112EB78D35006BC249 = {
			isa = PBXGroup;
			children = (
				6D18AB1C2EB78D35006BC249 /* SWIFTUI_HW */,
				6D18AB1B2EB78D35006BC249 /* Products */,
			);
			sourceTree = "<group>";
		};
		6D18AB1B2EB78D35006BC249 /* Products */ = {
			isa = PBXGroup;
			children = (
				6D18AB1A2EB78D35006BC249 /* SWIFTUI_HW.app */,
			);
			name = Products;
			sourceTree = "<group>";
		};
		6D18AB1C2EB78D35006BC249 /* SWIFTUI_HW */ = {
			isa = PBXGroup;
			children = (
				6D18AB1D2EB78D35006BC249 /* SWIFTUI_HWApp.swift */,
				6D18AB2B2EB78D7D006BC249 /* Post.swift */,
				6D18AB2D2EB79395006BC249 /* Data.swift */,
				6D18AB2F2EB7942B006BC249 /* InfoView.swift */,
				6D18AB312EB79456006BC249 /* InfoRow.swift */,
				6D18AB332EB7947D006BC249 /* InfoDetails.swift */,
				6D18AB1F2EB78D35006BC249 /* ContentView.swift */,
				6D18AB352EB79844006BC249 /* HelloView.swift */,
				6D18AB372EB79857006BC249 /* SettingsView.swift */,
				6D18AB212EB78D36006BC249 /* Assets.xcassets */,
				6D18AB232EB78D36006BC249 /* Preview Content */,
			);
			path = SWIFTUI_HW;
			sourceTree = "<group>";
		};
		6D18AB232EB78D36006BC249 /* Preview Content */ = {
			isa = PBXGroup;
			children = (
				6D18AB242EB78D36006BC249 /* Preview Assets.xcassets */,
			);
			path = "Preview Content";
			sourceTree = "<group>";
		};
/* End PBXGroup section */

/* Begin PBXNativeTarget section */
		6D18AB192EB78D35006BC249 /* SWIFTUI_HW */ = {
			isa = PBXNativeTarget;
			buildConfigurationList = 6D18AB282EB78D36006BC249 /* Build configuration list for PBXNativeTarget "SWIFTUI_HW" */;
			buildPhases = (
				6D18AB162EB78D35006BC249 /* Sources */,
				6D18AB172EB78D35006BC249 /* Frameworks */,
				6D18AB182EB78D35006BC249 /* Resources */,
			);
			buildRules = (
			);
			dependencies = (
			);
			name = SWIFTUI_HW;
			productName = SWIFTUI_HW;
			productReference = 6D18AB1A2EB78D35006BC249 /* SWIFTUI_HW.app */;
			productType = "com.apple.product-type.application";
		};
/* End PBXNativeTarget section */

/* Begin PBXProject section */
		6D18AB122EB78D35006BC249 /* Project object */ = {
			isa = PBXProject;
			attributes = {
				BuildIndependentTargetsInParallel = 1;
				LastSwiftUpdateCheck = 1530;
				LastUpgradeCheck = 1530;
				TargetAttributes = {
					6D18AB192EB78D35006BC249 = {
						CreatedOnToolsVersion = 15.3;
					};
				};
			};
			buildConfigurationList = 6D18AB152EB78D35006BC249 /* Build configuration list for PBXProject "SWIFTUI_HW" */;
			compatibilityVersion = "Xcode 14.0";
			developmentRegion = en;
			hasScannedForEncodings = 0;
			knownRegions = (
				en,
				Base,
			);
			mainGroup = 6D18AB112EB78D35006BC249;
			productRefGroup = 6D18AB1B2EB78D35006BC249 /* Products */;
			projectDirPath = "";
			projectRoot = "";
			targets = (
				6D18AB192EB78D35006BC249 /* SWIFTUI_HW */,
			);
		};
/* End PBXProject section */

/* Begin PBXResourcesBuildPhase section */
		6D18AB182EB78D35006BC249 /* Resources */ = {
			isa = PBXResourcesBuildPhase;
			buildActionMask = 2147483647;
			files = (
				6D18AB252EB78D36006BC249 /* Preview Assets.xcassets in Resources */,
				6D18AB222EB78D36006BC249 /* Assets.xcassets in Resources */,
			);
			runOnlyForDeploymentPostprocessing = 0;
		};
/* End PBXResourcesBuildPhase section */

/* Begin PBXSourcesBuildPhase section */
		6D18AB162EB78D35006BC249 /* Sources */ = {
			isa = PBXSourcesBuildPhase;
			buildActionMask = 2147483647;
			files = (
				6D18AB2C2EB78D7D006BC249 /* Post.swift in Sources */,
				6D18AB362EB79844006BC249 /* HelloView.swift in Sources */,
				6D18AB202EB78D35006BC249 /* ContentView.swift in Sources */,
				6D18AB382EB79857006BC249 /* SettingsView.swift in Sources */,
				6D18AB322EB79456006BC249 /* InfoRow.swift in Sources */,
				6D18AB1E2EB78D35006BC249 /* SWIFTUI_HWApp.swift in Sources */,
				6D18AB302EB7942B006BC249 /* InfoView.swift in Sources */,
				6D18AB342EB7947D006BC249 /* InfoDetails.swift in Sources */,
				6D18AB2E2EB79395006BC249 /* Data.swift in Sources */,
			);
			runOnlyForDeploymentPostprocessing = 0;
		};
/* End PBXSourcesBuildPhase section */

/* Begin XCBuildConfiguration section */
		6D18AB262EB78D36006BC249 /* Debug */ = {
			isa = XCBuildConfiguration;
			buildSettings = {
				ALWAYS_SEARCH_USER_PATHS = NO;
				ASSETCATALOG_COMPILER_GENERATE_SWIFT_ASSET_SYMBOL_EXTENSIONS = YES;
				CLANG_ANALYZER_NONNULL = YES;
				CLANG_ANALYZER_NUMBER_OBJECT_CONVERSION = YES_AGGRESSIVE;
				CLANG_CXX_LANGUAGE_STANDARD = "gnu++20";
				CLANG_ENABLE_MODULES = YES;
				CLANG_ENABLE_OBJC_ARC = YES;
				CLANG_ENABLE_OBJC_WEAK = YES;
				CLANG_WARN_BLOCK_CAPTURE_AUTORELEASING = YES;
				CLANG_WARN_BOOL_CONVERSION = YES;
				CLANG_WARN_COMMA = YES;
				CLANG_WARN_CONSTANT_CONVERSION = YES;
				CLANG_WARN_DEPRECATED_OBJC_IMPLEMENTATIONS = YES;
				CLANG_WARN_DIRECT_OBJC_ISA_USAGE = YES_ERROR;
				CLANG_WARN_DOCUMENTATION_COMMENTS = YES;
				CLANG_WARN_EMPTY_BODY = YES;
				CLANG_WARN_ENUM_CONVERSION = YES;
				CLANG_WARN_INFINITE_RECURSION = YES;
				CLANG_WARN_INT_CONVERSION = YES;
				CLANG_WARN_NON_LITERAL_NULL_CONVERSION = YES;
				CLANG_WARN_OBJC_IMPLICIT_RETAIN_SELF = YES;
				CLANG_WARN_OBJC_LITERAL_CONVERSION = YES;
				CLANG_WARN_OBJC_ROOT_CLASS = YES_ERROR;
				CLANG_WARN_QUOTED_INCLUDE_IN_FRAMEWORK_HEADER = YES;
				CLANG_WARN_RANGE_LOOP_ANALYSIS = YES;
				CLANG_WARN_STRICT_PROTOTYPES = YES;
				CLANG_WARN_SUSPICIOUS_MOVE = YES;
				CLANG_WARN_UNGUARDED_AVAILABILITY = YES_AGGRESSIVE;
				CLANG_WARN_UNREACHABLE_CODE = YES;
				CLANG_WARN__DUPLICATE_METHOD_MATCH = YES;
				COPY_PHASE_STRIP = NO;
				DEBUG_INFORMATION_FORMAT = dwarf;
				ENABLE_STRICT_OBJC_MSGSEND = YES;
				ENABLE_TESTABILITY = YES;
				ENABLE_USER_SCRIPT_SANDBOXING = YES;
				GCC_C_LANGUAGE_STANDARD = gnu17;
				GCC_DYNAMIC_NO_PIC = NO;
				GCC_NO_COMMON_BLOCKS = YES;
				GCC_OPTIMIZATION_LEVEL = 0;
				GCC_PREPROCESSOR_DEFINITIONS = (
					"DEBUG=1",
					"$(inherited)",
				);
				GCC_WARN_64_TO_32_BIT_CONVERSION = YES;
				GCC_WARN_ABOUT_RETURN_TYPE = YES_ERROR;
				GCC_WARN_UNDECLARED_SELECTOR = YES;
				GCC_WARN_UNINITIALIZED_AUTOS = YES_AGGRESSIVE;
				GCC_WARN_UNUSED_FUNCTION = YES;
				GCC_WARN_UNUSED_VARIABLE = YES;
				IPHONEOS_DEPLOYMENT_TARGET = 17.4;
				LOCALIZATION_PREFERS_STRING_CATALOGS = YES;
				MTL_ENABLE_DEBUG_INFO = INCLUDE_SOURCE;
				MTL_FAST_MATH = YES;
				ONLY_ACTIVE_ARCH = YES;
				SDKROOT = iphoneos;
				SWIFT_ACTIVE_COMPILATION_CONDITIONS = "DEBUG $(inherited)";
				SWIFT_OPTIMIZATION_LEVEL = "-Onone";
			};
			name = Debug;
		};
		6D18AB272EB78D36006BC249 /* Release */ = {
			isa = XCBuildConfiguration;
			buildSettings = {
				ALWAYS_SEARCH_USER_PATHS = NO;
				ASSETCATALOG_COMPILER_GENERATE_SWIFT_ASSET_SYMBOL_EXTENSIONS = YES;
				CLANG_ANALYZER_NONNULL = YES;
				CLANG_ANALYZER_NUMBER_OBJECT_CONVERSION = YES_AGGRESSIVE;
				CLANG_CXX_LANGUAGE_STANDARD = "gnu++20";
				CLANG_ENABLE_MODULES = YES;
				CLANG_ENABLE_OBJC_ARC = YES;
				CLANG_ENABLE_OBJC_WEAK = YES;
				CLANG_WARN_BLOCK_CAPTURE_AUTORELEASING = YES;
				CLANG_WARN_BOOL_CONVERSION = YES;
				CLANG_WARN_COMMA = YES;
				CLANG_WARN_CONSTANT_CONVERSION = YES;
				CLANG_WARN_DEPRECATED_OBJC_IMPLEMENTATIONS = YES;
				CLANG_WARN_DIRECT_OBJC_ISA_USAGE = YES_ERROR;
				CLANG_WARN_DOCUMENTATION_COMMENTS = YES;
				CLANG_WARN_EMPTY_BODY = YES;
				CLANG_WARN_ENUM_CONVERSION = YES;
				CLANG_WARN_INFINITE_RECURSION = YES;
				CLANG_WARN_INT_CONVERSION = YES;
				CLANG_WARN_NON_LITERAL_NULL_CONVERSION = YES;
				CLANG_WARN_OBJC_IMPLICIT_RETAIN_SELF = YES;
				CLANG_WARN_OBJC_LITERAL_CONVERSION = YES;
				CLANG_WARN_OBJC_ROOT_CLASS = YES_ERROR;
				CLANG_WARN_QUOTED_INCLUDE_IN_FRAMEWORK_HEADER = YES;
				CLANG_WARN_RANGE_LOOP_ANALYSIS = YES;
				CLANG_WARN_STRICT_PROTOTYPES = YES;
				CLANG_WARN_SUSPICIOUS_MOVE = YES;
				CLANG_WARN_UNGUARDED_AVAILABILITY = YES_AGGRESSIVE;
				CLANG_WARN_UNREACHABLE_CODE = YES;
				CLANG_WARN__DUPLICATE_METHOD_MATCH = YES;
				COPY_PHASE_STRIP = NO;
				DEBUG_INFORMATION_FORMAT = "dwarf-with-dsym";
				ENABLE_NS_ASSERTIONS = NO;
				ENABLE_STRICT_OBJC_MSGSEND = YES;
				ENABLE_USER_SCRIPT_SANDBOXING = YES;
				GCC_C_LANGUAGE_STANDARD = gnu17;
				GCC_NO_COMMON_BLOCKS = YES;
				GCC_WARN_64_TO_32_BIT_CONVERSION = YES;
				GCC_WARN_ABOUT_RETURN_TYPE = YES_ERROR;
				GCC_WARN_UNDECLARED_SELECTOR = YES;
				GCC_WARN_UNINITIALIZED_AUTOS = YES_AGGRESSIVE;
				GCC_WARN_UNUSED_FUNCTION = YES;
				GCC_WARN_UNUSED_VARIABLE = YES;
				IPHONEOS_DEPLOYMENT_TARGET = 17.4;
				LOCALIZATION_PREFERS_STRING_CATALOGS = YES;
				MTL_ENABLE_DEBUG_INFO = NO;
				MTL_FAST_MATH = YES;
				SDKROOT = iphoneos;
				SWIFT_COMPILATION_MODE = wholemodule;
				VALIDATE_PRODUCT = YES;
			};
			name = Release;
		};
		6D18AB292EB78D36006BC249 /* Debug */ = {
			isa = XCBuildConfiguration;
			buildSettings = {
				ASSETCATALOG_COMPILER_APPICON_NAME = AppIcon;
				ASSETCATALOG_COMPILER_GLOBAL_ACCENT_COLOR_NAME = AccentColor;
				CODE_SIGN_STYLE = Automatic;
				CURRENT_PROJECT_VERSION = 1;
				DEVELOPMENT_ASSET_PATHS = "\"SWIFTUI_HW/Preview Content\"";
				DEVELOPMENT_TEAM = QP72M5J575;
				ENABLE_PREVIEWS = YES;
				GENERATE_INFOPLIST_FILE = YES;
				INFOPLIST_KEY_UIApplicationSceneManifest_Generation = YES;
				INFOPLIST_KEY_UIApplicationSupportsIndirectInputEvents = YES;
				INFOPLIST_KEY_UILaunchScreen_Generation = YES;
				INFOPLIST_KEY_UISupportedInterfaceOrientations_iPad = "UIInterfaceOrientationPortrait UIInterfaceOrientationPortraitUpsideDown UIInterfaceOrientationLandscapeLeft UIInterfaceOrientationLandscapeRight";
				INFOPLIST_KEY_UISupportedInterfaceOrientations_iPhone = "UIInterfaceOrientationPortrait UIInterfaceOrientationLandscapeLeft UIInterfaceOrientationLandscapeRight";
				IPHONEOS_DEPLOYMENT_TARGET = 16.0;
				LD_RUNPATH_SEARCH_PATHS = (
					"$(inherited)",
					"@executable_path/Frameworks",
				);
				MARKETING_VERSION = 1.0;
				PRODUCT_BUNDLE_IDENTIFIER = "com.agmosolov.SWIFTUI-HW";
				PRODUCT_NAME = "$(TARGET_NAME)";
				SUPPORTED_PLATFORMS = "iphoneos iphonesimulator";
				SUPPORTS_MACCATALYST = NO;
				SUPPORTS_MAC_DESIGNED_FOR_IPHONE_IPAD = NO;
				SUPPORTS_XR_DESIGNED_FOR_IPHONE_IPAD = NO;
				SWIFT_EMIT_LOC_STRINGS = YES;
				SWIFT_VERSION = 5.0;
				TARGETED_DEVICE_FAMILY = 1;
			};
			name = Debug;
		};
		6D18AB2A2EB78D36006BC249 /* Release */ = {
			isa = XCBuildConfiguration;
			buildSettings = {
				ASSETCATALOG_COMPILER_APPICON_NAME = AppIcon;
				ASSETCATALOG_COMPILER_GLOBAL_ACCENT_COLOR_NAME = AccentColor;
				CODE_SIGN_STYLE = Automatic;
				CURRENT_PROJECT_VERSION = 1;
				DEVELOPMENT_ASSET_PATHS = "\"SWIFTUI_HW/Preview Content\"";
				DEVELOPMENT_TEAM = QP72M5J575;
				ENABLE_PREVIEWS = YES;
				GENERATE_INFOPLIST_FILE = YES;
				INFOPLIST_KEY_UIApplicationSceneManifest_Generation = YES;
				INFOPLIST_KEY_UIApplicationSupportsIndirectInputEvents = YES;
				INFOPLIST_KEY_UILaunchScreen_Generation = YES;
				INFOPLIST_KEY_UISupportedInterfaceOrientations_iPad = "UIInterfaceOrientationPortrait UIInterfaceOrientationPortraitUpsideDown UIInterfaceOrientationLandscapeLeft UIInterfaceOrientationLandscapeRight";
				INFOPLIST_KEY_UISupportedInterfaceOrientations_iPhone = "UIInterfaceOrientationPortrait UIInterfaceOrientationLandscapeLeft UIInterfaceOrientationLandscapeRight";
				IPHONEOS_DEPLOYMENT_TARGET = 16.0;
				LD_RUNPATH_SEARCH_PATHS = (
					"$(inherited)",
					"@executable_path/Frameworks",
				);
				MARKETING_VERSION = 1.0;
				PRODUCT_BUNDLE_IDENTIFIER = "com.agmosolov.SWIFTUI-HW";
				PRODUCT_NAME = "$(TARGET_NAME)";
				SUPPORTED_PLATFORMS = "iphoneos iphonesimulator";
				SUPPORTS_MACCATALYST = NO;
				SUPPORTS_MAC_DESIGNED_FOR_IPHONE_IPAD = NO;
				SUPPORTS_XR_DESIGNED_FOR_IPHONE_IPAD = NO;
				SWIFT_EMIT_LOC_STRINGS = YES;
				SWIFT_VERSION = 5.0;
				TARGETED_DEVICE_FAMILY = 1;
			};
			name = Release;
		};
/* End XCBuildConfiguration section */

/* Begin XCConfigurationList section */
		6D18AB152EB78D35006BC249 /* Build configuration list for PBXProject "SWIFTUI_HW" */ = {
			isa = XCConfigurationList;
			buildConfigurations = (
				6D18AB262EB78D36006BC249 /* Debug */,
				6D18AB272EB78D36006BC249 /* Release */,
			);
			defaultConfigurationIsVisible = 0;
			defaultConfigurationName = Release;
		};
		6D18AB282EB78D36006BC249 /* Build configuration list for PBXNativeTarget "SWIFTUI_HW" */ = {
			isa = XCConfigurationList;
			buildConfigurations = (
				6D18AB292EB78D36006BC249 /* Debug */,
				6D18AB2A2EB78D36006BC249 /* Release */,
			);
			defaultConfigurationIsVisible = 0;
			defaultConfigurationName = Release;
		};
/* End XCConfigurationList section */
	};
	rootObject = 6D18AB122EB78D35006BC249 /* Project object */;
}
